
Microsoft Visual Studio Solution File, Format Version 12.00
# Visual Studio Version 16
VisualStudioVersion = 16.0.31624.102
MinimumVisualStudioVersion = 10.0.40219.1
Project("{FAE04EC0-301F-11D3-BF4B-00C04F79EFBC}") = "ConnectorETABSv18", "ConnectorETABSv18\ConnectorETABSv18.csproj", "{CC1F6133-9DD5-437C-AB23-380AD00267A2}"
EndProject
Project("{2150E333-8FDC-42A3-9474-1A3956D46DE8}") = "Local Dependencies", "Local Dependencies", "{8E8370E0-3112-4B42-AB96-A487BA00A87A}"
	ProjectSection(SolutionItems) = preProject
		..\Objects\Converters\ConverterETABS\ConverterETABSShared\Partial Classes\Properties\.editorconfig = ..\Objects\Converters\ConverterETABS\ConverterETABSShared\Partial Classes\Properties\.editorconfig
	EndProjectSection
EndProject
Project("{9A19103F-16F7-4668-BE54-9A1E7A4F7556}") = "Core", "..\Core\Core\Core.csproj", "{C1D58C0E-702F-45F7-8B04-7ACA00966809}"
EndProject
Project("{9A19103F-16F7-4668-BE54-9A1E7A4F7556}") = "Objects", "..\Objects\Objects\Objects.csproj", "{58BEE488-6B32-4B54-93BB-A9FCB04C5A48}"
EndProject
Project("{9A19103F-16F7-4668-BE54-9A1E7A4F7556}") = "PolygonMesher", "..\Objects\Converters\StructuralUtilities\PolygonMesher\PolygonMesher.csproj", "{6185B1A1-0A12-44B1-8AC5-0ED48147FB21}"
EndProject
Project("{9A19103F-16F7-4668-BE54-9A1E7A4F7556}") = "DesktopUI2", "..\DesktopUI2\DesktopUI2\DesktopUI2.csproj", "{B5D2B524-39B5-45E8-AF44-D4E9BE2DC45C}"
EndProject
Project("{2150E333-8FDC-42A3-9474-1A3956D46DE8}") = "Solution Items", "Solution Items", "{38BDF76A-DE08-4B2F-A677-6F4A93BEDDB2}"
	ProjectSection(SolutionItems) = preProject
		.editorconfig = .editorconfig
	EndProjectSection
EndProject
Global
	GlobalSection(SolutionConfigurationPlatforms) = preSolution
		Debug|Any CPU = Debug|Any CPU
		Debug|x64 = Debug|x64
		Release|Any CPU = Release|Any CPU
		Release|x64 = Release|x64
	EndGlobalSection
	GlobalSection(ProjectConfigurationPlatforms) = postSolution
		{CC1F6133-9DD5-437C-AB23-380AD00267A2}.Debug|Any CPU.ActiveCfg = Debug|Any CPU
		{CC1F6133-9DD5-437C-AB23-380AD00267A2}.Debug|Any CPU.Build.0 = Debug|Any CPU
		{CC1F6133-9DD5-437C-AB23-380AD00267A2}.Debug|x64.ActiveCfg = Debug|Any CPU
		{CC1F6133-9DD5-437C-AB23-380AD00267A2}.Debug|x64.Build.0 = Debug|Any CPU
		{CC1F6133-9DD5-437C-AB23-380AD00267A2}.Release|Any CPU.ActiveCfg = Release|Any CPU
		{CC1F6133-9DD5-437C-AB23-380AD00267A2}.Release|Any CPU.Build.0 = Release|Any CPU
		{CC1F6133-9DD5-437C-AB23-380AD00267A2}.Release|x64.ActiveCfg = Release|Any CPU
		{CC1F6133-9DD5-437C-AB23-380AD00267A2}.Release|x64.Build.0 = Release|Any CPU
		{C1D58C0E-702F-45F7-8B04-7ACA00966809}.Debug|Any CPU.ActiveCfg = Debug|Any CPU
		{C1D58C0E-702F-45F7-8B04-7ACA00966809}.Debug|Any CPU.Build.0 = Debug|Any CPU
		{C1D58C0E-702F-45F7-8B04-7ACA00966809}.Debug|x64.ActiveCfg = Debug|Any CPU
		{C1D58C0E-702F-45F7-8B04-7ACA00966809}.Debug|x64.Build.0 = Debug|Any CPU
		{C1D58C0E-702F-45F7-8B04-7ACA00966809}.Release|Any CPU.ActiveCfg = Release|Any CPU
		{C1D58C0E-702F-45F7-8B04-7ACA00966809}.Release|Any CPU.Build.0 = Release|Any CPU
		{C1D58C0E-702F-45F7-8B04-7ACA00966809}.Release|x64.ActiveCfg = Release|Any CPU
		{C1D58C0E-702F-45F7-8B04-7ACA00966809}.Release|x64.Build.0 = Release|Any CPU
		{58BEE488-6B32-4B54-93BB-A9FCB04C5A48}.Debug|Any CPU.ActiveCfg = Debug|Any CPU
		{58BEE488-6B32-4B54-93BB-A9FCB04C5A48}.Debug|Any CPU.Build.0 = Debug|Any CPU
		{58BEE488-6B32-4B54-93BB-A9FCB04C5A48}.Debug|x64.ActiveCfg = Debug|Any CPU
		{58BEE488-6B32-4B54-93BB-A9FCB04C5A48}.Debug|x64.Build.0 = Debug|Any CPU
		{58BEE488-6B32-4B54-93BB-A9FCB04C5A48}.Release|Any CPU.ActiveCfg = Release|Any CPU
		{58BEE488-6B32-4B54-93BB-A9FCB04C5A48}.Release|Any CPU.Build.0 = Release|Any CPU
		{58BEE488-6B32-4B54-93BB-A9FCB04C5A48}.Release|x64.ActiveCfg = Release|Any CPU
		{58BEE488-6B32-4B54-93BB-A9FCB04C5A48}.Release|x64.Build.0 = Release|Any CPU
		{6185B1A1-0A12-44B1-8AC5-0ED48147FB21}.Debug|Any CPU.ActiveCfg = Debug|Any CPU
		{6185B1A1-0A12-44B1-8AC5-0ED48147FB21}.Debug|Any CPU.Build.0 = Debug|Any CPU
		{6185B1A1-0A12-44B1-8AC5-0ED48147FB21}.Debug|x64.ActiveCfg = Debug|Any CPU
		{6185B1A1-0A12-44B1-8AC5-0ED48147FB21}.Debug|x64.Build.0 = Debug|Any CPU
		{6185B1A1-0A12-44B1-8AC5-0ED48147FB21}.Release|Any CPU.ActiveCfg = Release|Any CPU
		{6185B1A1-0A12-44B1-8AC5-0ED48147FB21}.Release|Any CPU.Build.0 = Release|Any CPU
		{6185B1A1-0A12-44B1-8AC5-0ED48147FB21}.Release|x64.ActiveCfg = Release|Any CPU
		{6185B1A1-0A12-44B1-8AC5-0ED48147FB21}.Release|x64.Build.0 = Release|Any CPU
		{B5D2B524-39B5-45E8-AF44-D4E9BE2DC45C}.Debug|Any CPU.ActiveCfg = Debug|Any CPU
		{B5D2B524-39B5-45E8-AF44-D4E9BE2DC45C}.Debug|Any CPU.Build.0 = Debug|Any CPU
		{B5D2B524-39B5-45E8-AF44-D4E9BE2DC45C}.Debug|x64.ActiveCfg = Debug|Any CPU
		{B5D2B524-39B5-45E8-AF44-D4E9BE2DC45C}.Debug|x64.Build.0 = Debug|Any CPU
		{B5D2B524-39B5-45E8-AF44-D4E9BE2DC45C}.Release|Any CPU.ActiveCfg = Release|Any CPU
		{B5D2B524-39B5-45E8-AF44-D4E9BE2DC45C}.Release|Any CPU.Build.0 = Release|Any CPU
		{B5D2B524-39B5-45E8-AF44-D4E9BE2DC45C}.Release|x64.ActiveCfg = Release|Any CPU
		{B5D2B524-39B5-45E8-AF44-D4E9BE2DC45C}.Release|x64.Build.0 = Release|Any CPU
	EndGlobalSection
	GlobalSection(SolutionProperties) = preSolution
		HideSolutionNode = FALSE
	EndGlobalSection
	GlobalSection(NestedProjects) = preSolution
		{C1D58C0E-702F-45F7-8B04-7ACA00966809} = {8E8370E0-3112-4B42-AB96-A487BA00A87A}
		{58BEE488-6B32-4B54-93BB-A9FCB04C5A48} = {8E8370E0-3112-4B42-AB96-A487BA00A87A}
		{6185B1A1-0A12-44B1-8AC5-0ED48147FB21} = {8E8370E0-3112-4B42-AB96-A487BA00A87A}
		{B5D2B524-39B5-45E8-AF44-D4E9BE2DC45C} = {8E8370E0-3112-4B42-AB96-A487BA00A87A}
	EndGlobalSection
	GlobalSection(ExtensibilityGlobals) = postSolution
		SolutionGuid = {AC79A8E8-CF5D-483F-BA63-6AD5A10EE7D3}
	EndGlobalSection
EndGlobal
